// !$*UTF8*$!
{
	archiveVersion = 1;
	classes = {
	};
	objectVersion = 50;
	objects = {

/* Begin PBXBuildFile section */
		F8207D3924462F0F009E9845 /* AppDelegate.swift in Sources */ = {isa = PBXBuildFile; fileRef = F8207D3824462F0F009E9845 /* AppDelegate.swift */; };
		F8207D3B24462F0F009E9845 /* SceneDelegate.swift in Sources */ = {isa = PBXBuildFile; fileRef = F8207D3A24462F0F009E9845 /* SceneDelegate.swift */; };
		F8207D3D24462F0F009E9845 /* FirstViewController.swift in Sources */ = {isa = PBXBuildFile; fileRef = F8207D3C24462F0F009E9845 /* FirstViewController.swift */; };
		F8207D3F24462F0F009E9845 /* SecondViewController.swift in Sources */ = {isa = PBXBuildFile; fileRef = F8207D3E24462F0F009E9845 /* SecondViewController.swift */; };
		F8207D4224462F0F009E9845 /* Main.storyboard in Resources */ = {isa = PBXBuildFile; fileRef = F8207D4024462F0F009E9845 /* Main.storyboard */; };
		F8207D4424462F11009E9845 /* Assets.xcassets in Resources */ = {isa = PBXBuildFile; fileRef = F8207D4324462F11009E9845 /* Assets.xcassets */; };
		F8207D4724462F11009E9845 /* LaunchScreen.storyboard in Resources */ = {isa = PBXBuildFile; fileRef = F8207D4524462F11009E9845 /* LaunchScreen.storyboard */; };
		F8207D5224462F11009E9845 /* TodoListAppTests.swift in Sources */ = {isa = PBXBuildFile; fileRef = F8207D5124462F11009E9845 /* TodoListAppTests.swift */; };
		F8207D5D24462F11009E9845 /* TodoListAppUITests.swift in Sources */ = {isa = PBXBuildFile; fileRef = F8207D5C24462F11009E9845 /* TodoListAppUITests.swift */; };
/* End PBXBuildFile section */

/* Begin PBXContainerItemProxy section */
		F8207D4E24462F11009E9845 /* PBXContainerItemProxy */ = {
			isa = PBXContainerItemProxy;
			containerPortal = F8207D2D24462F0F009E9845 /* Project object */;
			proxyType = 1;
			remoteGlobalIDString = F8207D3424462F0F009E9845;
			remoteInfo = TodoListApp;
		};
		F8207D5924462F11009E9845 /* PBXContainerItemProxy */ = {
			isa = PBXContainerItemProxy;
			containerPortal = F8207D2D24462F0F009E9845 /* Project object */;
			proxyType = 1;
			remoteGlobalIDString = F8207D3424462F0F009E9845;
			remoteInfo = TodoListApp;
		};
/* End PBXContainerItemProxy section */

/* Begin PBXFileReference section */
		F8207D3524462F0F009E9845 /* TodoListApp.app */ = {isa = PBXFileReference; explicitFileType = wrapper.application; includeInIndex = 0; path = TodoListApp.app; sourceTree = BUILT_PRODUCTS_DIR; };
		F8207D3824462F0F009E9845 /* AppDelegate.swift */ = {isa = PBXFileReference; lastKnownFileType = sourcecode.swift; path = AppDelegate.swift; sourceTree = "<group>"; };
		F8207D3A24462F0F009E9845 /* SceneDelegate.swift */ = {isa = PBXFileReference; lastKnownFileType = sourcecode.swift; path = SceneDelegate.swift; sourceTree = "<group>"; };
		F8207D3C24462F0F009E9845 /* FirstViewController.swift */ = {isa = PBXFileReference; lastKnownFileType = sourcecode.swift; path = FirstViewController.swift; sourceTree = "<group>"; };
		F8207D3E24462F0F009E9845 /* SecondViewController.swift */ = {isa = PBXFileReference; lastKnownFileType = sourcecode.swift; path = SecondViewController.swift; sourceTree = "<group>"; };
		F8207D4124462F0F009E9845 /* Base */ = {isa = PBXFileReference; lastKnownFileType = file.storyboard; name = Base; path = Base.lproj/Main.storyboard; sourceTree = "<group>"; };
		F8207D4324462F11009E9845 /* Assets.xcassets */ = {isa = PBXFileReference; lastKnownFileType = folder.assetcatalog; path = Assets.xcassets; sourceTree = "<group>"; };
		F8207D4624462F11009E9845 /* Base */ = {isa = PBXFileReference; lastKnownFileType = file.storyboard; name = Base; path = Base.lproj/LaunchScreen.storyboard; sourceTree = "<group>"; };
		F8207D4824462F11009E9845 /* Info.plist */ = {isa = PBXFileReference; lastKnownFileType = text.plist.xml; path = Info.plist; sourceTree = "<group>"; };
		F8207D4D24462F11009E9845 /* TodoListAppTests.xctest */ = {isa = PBXFileReference; explicitFileType = wrapper.cfbundle; includeInIndex = 0; path = TodoListAppTests.xctest; sourceTree = BUILT_PRODUCTS_DIR; };
		F8207D5124462F11009E9845 /* TodoListAppTests.swift */ = {isa = PBXFileReference; lastKnownFileType = sourcecode.swift; path = TodoListAppTests.swift; sourceTree = "<group>"; };
		F8207D5324462F11009E9845 /* Info.plist */ = {isa = PBXFileReference; lastKnownFileType = text.plist.xml; path = Info.plist; sourceTree = "<group>"; };
		F8207D5824462F11009E9845 /* TodoListAppUITests.xctest */ = {isa = PBXFileReference; explicitFileType = wrapper.cfbundle; includeInIndex = 0; path = TodoListAppUITests.xctest; sourceTree = BUILT_PRODUCTS_DIR; };
		F8207D5C24462F11009E9845 /* TodoListAppUITests.swift */ = {isa = PBXFileReference; lastKnownFileType = sourcecode.swift; path = TodoListAppUITests.swift; sourceTree = "<group>"; };
		F8207D5E24462F11009E9845 /* Info.plist */ = {isa = PBXFileReference; lastKnownFileType = text.plist.xml; path = Info.plist; sourceTree = "<group>"; };
/* End PBXFileReference section */

/* Begin PBXFrameworksBuildPhase section */
		F8207D3224462F0F009E9845 /* Frameworks */ = {
			isa = PBXFrameworksBuildPhase;
			buildActionMask = 2147483647;
			files = (
			);
			runOnlyForDeploymentPostprocessing = 0;
		};
		F8207D4A24462F11009E9845 /* Frameworks */ = {
			isa = PBXFrameworksBuildPhase;
			buildActionMask = 2147483647;
			files = (
			);
			runOnlyForDeploymentPostprocessing = 0;
		};
		F8207D5524462F11009E9845 /* Frameworks */ = {
			isa = PBXFrameworksBuildPhase;
			buildActionMask = 2147483647;
			files = (
			);
			runOnlyForDeploymentPostprocessing = 0;
		};
/* End PBXFrameworksBuildPhase section */

/* Begin PBXGroup section */
		F8207D2C24462F0F009E9845 = {
			isa = PBXGroup;
			children = (
				F8207D3724462F0F009E9845 /* TodoListApp */,
				F8207D5024462F11009E9845 /* TodoListAppTests */,
				F8207D5B24462F11009E9845 /* TodoListAppUITests */,
				F8207D3624462F0F009E9845 /* Products */,
			);
			sourceTree = "<group>";
		};
		F8207D3624462F0F009E9845 /* Products */ = {
			isa = PBXGroup;
			children = (
				F8207D3524462F0F009E9845 /* TodoListApp.app */,
				F8207D4D24462F11009E9845 /* TodoListAppTests.xctest */,
				F8207D5824462F11009E9845 /* TodoListAppUITests.xctest */,
			);
			name = Products;
			sourceTree = "<group>";
		};
		F8207D3724462F0F009E9845 /* TodoListApp */ = {
			isa = PBXGroup;
			children = (
				F8207D3824462F0F009E9845 /* AppDelegate.swift */,
				F8207D3A24462F0F009E9845 /* SceneDelegate.swift */,
				F8207D3C24462F0F009E9845 /* FirstViewController.swift */,
				F8207D3E24462F0F009E9845 /* SecondViewController.swift */,
				F8207D4024462F0F009E9845 /* Main.storyboard */,
				F8207D4324462F11009E9845 /* Assets.xcassets */,
				F8207D4524462F11009E9845 /* LaunchScreen.storyboard */,
				F8207D4824462F11009E9845 /* Info.plist */,
			);
			path = TodoListApp;
			sourceTree = "<group>";
		};
		F8207D5024462F11009E9845 /* TodoListAppTests */ = {
			isa = PBXGroup;
			children = (
				F8207D5124462F11009E9845 /* TodoListAppTests.swift */,
				F8207D5324462F11009E9845 /* Info.plist */,
			);
			path = TodoListAppTests;
			sourceTree = "<group>";
		};
		F8207D5B24462F11009E9845 /* TodoListAppUITests */ = {
			isa = PBXGroup;
			children = (
				F8207D5C24462F11009E9845 /* TodoListAppUITests.swift */,
				F8207D5E24462F11009E9845 /* Info.plist */,
			);
			path = TodoListAppUITests;
			sourceTree = "<group>";
		};
/* End PBXGroup section */

/* Begin PBXNativeTarget section */
		F8207D3424462F0F009E9845 /* TodoListApp */ = {
			isa = PBXNativeTarget;
			buildConfigurationList = F8207D6124462F11009E9845 /* Build configuration list for PBXNativeTarget "TodoListApp" */;
			buildPhases = (
				F8207D3124462F0F009E9845 /* Sources */,
				F8207D3224462F0F009E9845 /* Frameworks */,
				F8207D3324462F0F009E9845 /* Resources */,
			);
			buildRules = (
			);
			dependencies = (
			);
			name = TodoListApp;
			productName = TodoListApp;
			productReference = F8207D3524462F0F009E9845 /* TodoListApp.app */;
			productType = "com.apple.product-type.application";
		};
		F8207D4C24462F11009E9845 /* TodoListAppTests */ = {
			isa = PBXNativeTarget;
			buildConfigurationList = F8207D6424462F11009E9845 /* Build configuration list for PBXNativeTarget "TodoListAppTests" */;
			buildPhases = (
				F8207D4924462F11009E9845 /* Sources */,
				F8207D4A24462F11009E9845 /* Frameworks */,
				F8207D4B24462F11009E9845 /* Resources */,
			);
			buildRules = (
			);
			dependencies = (
				F8207D4F24462F11009E9845 /* PBXTargetDependency */,
			);
			name = TodoListAppTests;
			productName = TodoListAppTests;
			productReference = F8207D4D24462F11009E9845 /* TodoListAppTests.xctest */;
			productType = "com.apple.product-type.bundle.unit-test";
		};
		F8207D5724462F11009E9845 /* TodoListAppUITests */ = {
			isa = PBXNativeTarget;
			buildConfigurationList = F8207D6724462F11009E9845 /* Build configuration list for PBXNativeTarget "TodoListAppUITests" */;
			buildPhases = (
				F8207D5424462F11009E9845 /* Sources */,
				F8207D5524462F11009E9845 /* Frameworks */,
				F8207D5624462F11009E9845 /* Resources */,
			);
			buildRules = (
			);
			dependencies = (
				F8207D5A24462F11009E9845 /* PBXTargetDependency */,
			);
			name = TodoListAppUITests;
			productName = TodoListAppUITests;
			productReference = F8207D5824462F11009E9845 /* TodoListAppUITests.xctest */;
			productType = "com.apple.product-type.bundle.ui-testing";
		};
/* End PBXNativeTarget section */

/* Begin PBXProject section */
		F8207D2D24462F0F009E9845 /* Project object */ = {
			isa = PBXProject;
			attributes = {
				LastSwiftUpdateCheck = 1140;
				LastUpgradeCheck = 1140;
				ORGANIZATIONNAME = "Pranathi Pulimamidy";
				TargetAttributes = {
					F8207D3424462F0F009E9845 = {
						CreatedOnToolsVersion = 11.4;
					};
					F8207D4C24462F11009E9845 = {
						CreatedOnToolsVersion = 11.4;
						TestTargetID = F8207D3424462F0F009E9845;
					};
					F8207D5724462F11009E9845 = {
						CreatedOnToolsVersion = 11.4;
						TestTargetID = F8207D3424462F0F009E9845;
					};
				};
			};
			buildConfigurationList = F8207D3024462F0F009E9845 /* Build configuration list for PBXProject "TodoListApp" */;
			compatibilityVersion = "Xcode 9.3";
			developmentRegion = en;
			hasScannedForEncodings = 0;
			knownRegions = (
				en,
				Base,
			);
			mainGroup = F8207D2C24462F0F009E9845;
			productRefGroup = F8207D3624462F0F009E9845 /* Products */;
			projectDirPath = "";
			projectRoot = "";
			targets = (
				F8207D3424462F0F009E9845 /* TodoListApp */,
				F8207D4C24462F11009E9845 /* TodoListAppTests */,
				F8207D5724462F11009E9845 /* TodoListAppUITests */,
			);
		};
/* End PBXProject section */

/* Begin PBXResourcesBuildPhase section */
		F8207D3324462F0F009E9845 /* Resources */ = {
			isa = PBXResourcesBuildPhase;
			buildActionMask = 2147483647;
			files = (
				F8207D4724462F11009E9845 /* LaunchScreen.storyboard in Resources */,
				F8207D4424462F11009E9845 /* Assets.xcassets in Resources */,
				F8207D4224462F0F009E9845 /* Main.storyboard in Resources */,
			);
			runOnlyForDeploymentPostprocessing = 0;
		};
		F8207D4B24462F11009E9845 /* Resources */ = {
			isa = PBXResourcesBuildPhase;
			buildActionMask = 2147483647;
			files = (
			);
			runOnlyForDeploymentPostprocessing = 0;
		};
		F8207D5624462F11009E9845 /* Resources */ = {
			isa = PBXResourcesBuildPhase;
			buildActionMask = 2147483647;
			files = (
			);
			runOnlyForDeploymentPostprocessing = 0;
		};
/* End PBXResourcesBuildPhase section */

/* Begin PBXSourcesBuildPhase section */
		F8207D3124462F0F009E9845 /* Sources */ = {
			isa = PBXSourcesBuildPhase;
			buildActionMask = 2147483647;
			files = (
				F8207D3F24462F0F009E9845 /* SecondViewController.swift in Sources */,
				F8207D3D24462F0F009E9845 /* FirstViewController.swift in Sources */,
				F8207D3924462F0F009E9845 /* AppDelegate.swift in Sources */,
				F8207D3B24462F0F009E9845 /* SceneDelegate.swift in Sources */,
			);
			runOnlyForDeploymentPostprocessing = 0;
		};
		F8207D4924462F11009E9845 /* Sources */ = {
			isa = PBXSourcesBuildPhase;
			buildActionMask = 2147483647;
			files = (
				F8207D5224462F11009E9845 /* TodoListAppTests.swift in Sources */,
			);
			runOnlyForDeploymentPostprocessing = 0;
		};
		F8207D5424462F11009E9845 /* Sources */ = {
			isa = PBXSourcesBuildPhase;
			buildActionMask = 2147483647;
			files = (
				F8207D5D24462F11009E9845 /* TodoListAppUITests.swift in Sources */,
			);
			runOnlyForDeploymentPostprocessing = 0;
		};
/* End PBXSourcesBuildPhase section */

/* Begin PBXTargetDependency section */
		F8207D4F24462F11009E9845 /* PBXTargetDependency */ = {
			isa = PBXTargetDependency;
			target = F8207D3424462F0F009E9845 /* TodoListApp */;
			targetProxy = F8207D4E24462F11009E9845 /* PBXContainerItemProxy */;
		};
		F8207D5A24462F11009E9845 /* PBXTargetDependency */ = {
			isa = PBXTargetDependency;
			target = F8207D3424462F0F009E9845 /* TodoListApp */;
			targetProxy = F8207D5924462F11009E9845 /* PBXContainerItemProxy */;
		};
/* End PBXTargetDependency section */

/* Begin PBXVariantGroup section */
		F8207D4024462F0F009E9845 /* Main.storyboard */ = {
			isa = PBXVariantGroup;
			children = (
				F8207D4124462F0F009E9845 /* Base */,
			);
			name = Main.storyboard;
			sourceTree = "<group>";
		};
		F8207D4524462F11009E9845 /* LaunchScreen.storyboard */ = {
			isa = PBXVariantGroup;
			children = (
				F8207D4624462F11009E9845 /* Base */,
			);
			name = LaunchScreen.storyboard;
			sourceTree = "<group>";
		};
/* End PBXVariantGroup section */

/* Begin XCBuildConfiguration section */
		F8207D5F24462F11009E9845 /* Debug */ = {
			isa = XCBuildConfiguration;
			buildSettings = {
				ALWAYS_SEARCH_USER_PATHS = NO;
				CLANG_ANALYZER_NONNULL = YES;
				CLANG_ANALYZER_NUMBER_OBJECT_CONVERSION = YES_AGGRESSIVE;
				CLANG_CXX_LANGUAGE_STANDARD = "gnu++14";
				CLANG_CXX_LIBRARY = "libc++";
				CLANG_ENABLE_MODULES = YES;
				CLANG_ENABLE_OBJC_ARC = YES;
				CLANG_ENABLE_OBJC_WEAK = YES;
				CLANG_WARN_BLOCK_CAPTURE_AUTORELEASING = YES;
				CLANG_WARN_BOOL_CONVERSION = YES;
				CLANG_WARN_COMMA = YES;
				CLANG_WARN_CONSTANT_CONVERSION = YES;
				CLANG_WARN_DEPRECATED_OBJC_IMPLEMENTATIONS = YES;
				CLANG_WARN_DIRECT_OBJC_ISA_USAGE = YES_ERROR;
				CLANG_WARN_DOCUMENTATION_COMMENTS = YES;
				CLANG_WARN_EMPTY_BODY = YES;
				CLANG_WARN_ENUM_CONVERSION = YES;
				CLANG_WARN_INFINITE_RECURSION = YES;
				CLANG_WARN_INT_CONVERSION = YES;
				CLANG_WARN_NON_LITERAL_NULL_CONVERSION = YES;
				CLANG_WARN_OBJC_IMPLICIT_RETAIN_SELF = YES;
				CLANG_WARN_OBJC_LITERAL_CONVERSION = YES;
				CLANG_WARN_OBJC_ROOT_CLASS = YES_ERROR;
				CLANG_WARN_RANGE_LOOP_ANALYSIS = YES;
				CLANG_WARN_STRICT_PROTOTYPES = YES;
				CLANG_WARN_SUSPICIOUS_MOVE = YES;
				CLANG_WARN_UNGUARDED_AVAILABILITY = YES_AGGRESSIVE;
				CLANG_WARN_UNREACHABLE_CODE = YES;
				CLANG_WARN__DUPLICATE_METHOD_MATCH = YES;
				COPY_PHASE_STRIP = NO;
				DEBUG_INFORMATION_FORMAT = dwarf;
				ENABLE_STRICT_OBJC_MSGSEND = YES;
				ENABLE_TESTABILITY = YES;
				GCC_C_LANGUAGE_STANDARD = gnu11;
				GCC_DYNAMIC_NO_PIC = NO;
				GCC_NO_COMMON_BLOCKS = YES;
				GCC_OPTIMIZATION_LEVEL = 0;
				GCC_PREPROCESSOR_DEFINITIONS = (
					"DEBUG=1",
					"$(inherited)",
				);
				GCC_WARN_64_TO_32_BIT_CONVERSION = YES;
				GCC_WARN_ABOUT_RETURN_TYPE = YES_ERROR;
				GCC_WARN_UNDECLARED_SELECTOR = YES;
				GCC_WARN_UNINITIALIZED_AUTOS = YES_AGGRESSIVE;
				GCC_WARN_UNUSED_FUNCTION = YES;
				GCC_WARN_UNUSED_VARIABLE = YES;
				IPHONEOS_DEPLOYMENT_TARGET = 13.4;
				MTL_ENABLE_DEBUG_INFO = INCLUDE_SOURCE;
				MTL_FAST_MATH = YES;
				ONLY_ACTIVE_ARCH = YES;
				SDKROOT = iphoneos;
				SWIFT_ACTIVE_COMPILATION_CONDITIONS = DEBUG;
				SWIFT_OPTIMIZATION_LEVEL = "-Onone";
			};
			name = Debug;
		};
		F8207D6024462F11009E9845 /* Release */ = {
			isa = XCBuildConfiguration;
			buildSettings = {
				ALWAYS_SEARCH_USER_PATHS = NO;
				CLANG_ANALYZER_NONNULL = YES;
				CLANG_ANALYZER_NUMBER_OBJECT_CONVERSION = YES_AGGRESSIVE;
				CLANG_CXX_LANGUAGE_STANDARD = "gnu++14";
				CLANG_CXX_LIBRARY = "libc++";
				CLANG_ENABLE_MODULES = YES;
				CLANG_ENABLE_OBJC_ARC = YES;
				CLANG_ENABLE_OBJC_WEAK = YES;
				CLANG_WARN_BLOCK_CAPTURE_AUTORELEASING = YES;
				CLANG_WARN_BOOL_CONVERSION = YES;
				CLANG_WARN_COMMA = YES;
				CLANG_WARN_CONSTANT_CONVERSION = YES;
				CLANG_WARN_DEPRECATED_OBJC_IMPLEMENTATIONS = YES;
				CLANG_WARN_DIRECT_OBJC_ISA_USAGE = YES_ERROR;
				CLANG_WARN_DOCUMENTATION_COMMENTS = YES;
				CLANG_WARN_EMPTY_BODY = YES;
				CLANG_WARN_ENUM_CONVERSION = YES;
				CLANG_WARN_INFINITE_RECURSION = YES;
				CLANG_WARN_INT_CONVERSION = YES;
				CLANG_WARN_NON_LITERAL_NULL_CONVERSION = YES;
				CLANG_WARN_OBJC_IMPLICIT_RETAIN_SELF = YES;
				CLANG_WARN_OBJC_LITERAL_CONVERSION = YES;
				CLANG_WARN_OBJC_ROOT_CLASS = YES_ERROR;
				CLANG_WARN_RANGE_LOOP_ANALYSIS = YES;
				CLANG_WARN_STRICT_PROTOTYPES = YES;
				CLANG_WARN_SUSPICIOUS_MOVE = YES;
				CLANG_WARN_UNGUARDED_AVAILABILITY = YES_AGGRESSIVE;
				CLANG_WARN_UNREACHABLE_CODE = YES;
				CLANG_WARN__DUPLICATE_METHOD_MATCH = YES;
				COPY_PHASE_STRIP = NO;
				DEBUG_INFORMATION_FORMAT = "dwarf-with-dsym";
				ENABLE_NS_ASSERTIONS = NO;
				ENABLE_STRICT_OBJC_MSGSEND = YES;
				GCC_C_LANGUAGE_STANDARD = gnu11;
				GCC_NO_COMMON_BLOCKS = YES;
				GCC_WARN_64_TO_32_BIT_CONVERSION = YES;
				GCC_WARN_ABOUT_RETURN_TYPE = YES_ERROR;
				GCC_WARN_UNDECLARED_SELECTOR = YES;
				GCC_WARN_UNINITIALIZED_AUTOS = YES_AGGRESSIVE;
				GCC_WARN_UNUSED_FUNCTION = YES;
				GCC_WARN_UNUSED_VARIABLE = YES;
				IPHONEOS_DEPLOYMENT_TARGET = 13.4;
				MTL_ENABLE_DEBUG_INFO = NO;
				MTL_FAST_MATH = YES;
				SDKROOT = iphoneos;
				SWIFT_COMPILATION_MODE = wholemodule;
				SWIFT_OPTIMIZATION_LEVEL = "-O";
				VALIDATE_PRODUCT = YES;
			};
			name = Release;
		};
		F8207D6224462F11009E9845 /* Debug */ = {
			isa = XCBuildConfiguration;
			buildSettings = {
				ASSETCATALOG_COMPILER_APPICON_NAME = AppIcon;
				CODE_SIGN_STYLE = Automatic;
				INFOPLIST_FILE = TodoListApp/Info.plist;
				LD_RUNPATH_SEARCH_PATHS = (
					"$(inherited)",
					"@executable_path/Frameworks",
				);
				PRODUCT_BUNDLE_IDENTIFIER = com.pranathi.TodoListApp;
				PRODUCT_NAME = "$(TARGET_NAME)";
				SWIFT_VERSION = 5.0;
				TARGETED_DEVICE_FAMILY = "1,2";
			};
			name = Debug;
		};
		F8207D6324462F11009E9845 /* Release */ = {
			isa = XCBuildConfiguration;
			buildSettings = {
				ASSETCATALOG_COMPILER_APPICON_NAME = AppIcon;
				CODE_SIGN_STYLE = Automatic;
				INFOPLIST_FILE = TodoListApp/Info.plist;
				LD_RUNPATH_SEARCH_PATHS = (
					"$(inherited)",
					"@executable_path/Frameworks",
				);
				PRODUCT_BUNDLE_IDENTIFIER = com.pranathi.TodoListApp;
				PRODUCT_NAME = "$(TARGET_NAME)";
				SWIFT_VERSION = 5.0;
				TARGETED_DEVICE_FAMILY = "1,2";
			};
			name = Release;
		};
		F8207D6524462F11009E9845 /* Debug */ = {
			isa = XCBuildConfiguration;
			buildSettings = {
				ALWAYS_EMBED_SWIFT_STANDARD_LIBRARIES = YES;
				BUNDLE_LOADER = "$(TEST_HOST)";
				CODE_SIGN_STYLE = Automatic;
				INFOPLIST_FILE = TodoListAppTests/Info.plist;
				IPHONEOS_DEPLOYMENT_TARGET = 13.4;
				LD_RUNPATH_SEARCH_PATHS = (
					"$(inherited)",
					"@executable_path/Frameworks",
					"@loader_path/Frameworks",
				);
				PRODUCT_BUNDLE_IDENTIFIER = com.pranathi.TodoListAppTests;
				PRODUCT_NAME = "$(TARGET_NAME)";
				SWIFT_VERSION = 5.0;
				TARGETED_DEVICE_FAMILY = "1,2";
				TEST_HOST = "$(BUILT_PRODUCTS_DIR)/TodoListApp.app/TodoListApp";
			};
			name = Debug;
		};
		F8207D6624462F11009E9845 /* Release */ = {
			isa = XCBuildConfiguration;
			buildSettings = {
				ALWAYS_EMBED_SWIFT_STANDARD_LIBRARIES = YES;
				BUNDLE_LOADER = "$(TEST_HOST)";
				CODE_SIGN_STYLE = Automatic;
				INFOPLIST_FILE = TodoListAppTests/Info.plist;
				IPHONEOS_DEPLOYMENT_TARGET = 13.4;
				LD_RUNPATH_SEARCH_PATHS = (
					"$(inherited)",
					"@executable_path/Frameworks",
					"@loader_path/Frameworks",
				);
				PRODUCT_BUNDLE_IDENTIFIER = com.pranathi.TodoListAppTests;
				PRODUCT_NAME = "$(TARGET_NAME)";
				SWIFT_VERSION = 5.0;
				TARGETED_DEVICE_FAMILY = "1,2";
				TEST_HOST = "$(BUILT_PRODUCTS_DIR)/TodoListApp.app/TodoListApp";
			};
			name = Release;
		};
		F8207D6824462F11009E9845 /* Debug */ = {
			isa = XCBuildConfiguration;
			buildSettings = {
				ALWAYS_EMBED_SWIFT_STANDARD_LIBRARIES = YES;
				CODE_SIGN_STYLE = Automatic;
				INFOPLIST_FILE = TodoListAppUITests/Info.plist;
				LD_RUNPATH_SEARCH_PATHS = (
					"$(inherited)",
					"@executable_path/Frameworks",
					"@loader_path/Frameworks",
				);
				PRODUCT_BUNDLE_IDENTIFIER = com.pranathi.TodoListAppUITests;
				PRODUCT_NAME = "$(TARGET_NAME)";
				SWIFT_VERSION = 5.0;
				TARGETED_DEVICE_FAMILY = "1,2";
				TEST_TARGET_NAME = TodoListApp;
			};
			name = Debug;
		};
		F8207D6924462F11009E9845 /* Release */ = {
			isa = XCBuildConfiguration;
			buildSettings = {
				ALWAYS_EMBED_SWIFT_STANDARD_LIBRARIES = YES;
				CODE_SIGN_STYLE = Automatic;
				INFOPLIST_FILE = TodoListAppUITests/Info.plist;
				LD_RUNPATH_SEARCH_PATHS = (
					"$(inherited)",
					"@executable_path/Frameworks",
					"@loader_path/Frameworks",
				);
				PRODUCT_BUNDLE_IDENTIFIER = com.pranathi.TodoListAppUITests;
				PRODUCT_NAME = "$(TARGET_NAME)";
				SWIFT_VERSION = 5.0;
				TARGETED_DEVICE_FAMILY = "1,2";
				TEST_TARGET_NAME = TodoListApp;
			};
			name = Release;
		};
/* End XCBuildConfiguration section */

/* Begin XCConfigurationList section */
		F8207D3024462F0F009E9845 /* Build configuration list for PBXProject "TodoListApp" */ = {
			isa = XCConfigurationList;
			buildConfigurations = (
				F8207D5F24462F11009E9845 /* Debug */,
				F8207D6024462F11009E9845 /* Release */,
			);
			defaultConfigurationIsVisible = 0;
			defaultConfigurationName = Release;
		};
		F8207D6124462F11009E9845 /* Build configuration list for PBXNativeTarget "TodoListApp" */ = {
			isa = XCConfigurationList;
			buildConfigurations = (
				F8207D6224462F11009E9845 /* Debug */,
				F8207D6324462F11009E9845 /* Release */,
			);
			defaultConfigurationIsVisible = 0;
			defaultConfigurationName = Release;
		};
		F8207D6424462F11009E9845 /* Build configuration list for PBXNativeTarget "TodoListAppTests" */ = {
			isa = XCConfigurationList;
			buildConfigurations = (
				F8207D6524462F11009E9845 /* Debug */,
				F8207D6624462F11009E9845 /* Release */,
			);
			defaultConfigurationIsVisible = 0;
			defaultConfigurationName = Release;
		};
		F8207D6724462F11009E9845 /* Build configuration list for PBXNativeTarget "TodoListAppUITests" */ = {
			isa = XCConfigurationList;
			buildConfigurations = (
				F8207D6824462F11009E9845 /* Debug */,
				F8207D6924462F11009E9845 /* Release */,
			);
			defaultConfigurationIsVisible = 0;
			defaultConfigurationName = Release;
		};
/* End XCConfigurationList section */
	};
	rootObject = F8207D2D24462F0F009E9845 /* Project object */;
}
